
Microsoft Visual Studio Solution File, Format Version 12.00
Project("{FAE04EC0-301F-11D3-BF4B-00C04F79EFBC}") = "aoc-2022-lesson1", "aoc-2022-lesson1\aoc-2022-lesson1.csproj", "{8EE4940C-763A-4E67-9072-2F4464E5A14A}"
EndProject
Global
	GlobalSection(SolutionConfigurationPlatforms) = preSolution
		Debug|Any CPU = Debug|Any CPU
		Release|Any CPU = Release|Any CPU
	EndGlobalSection
	GlobalSection(ProjectConfigurationPlatforms) = postSolution
		{8EE4940C-763A-4E67-9072-2F4464E5A14A}.Debug|Any CPU.ActiveCfg = Debug|Any CPU
		{8EE4940C-763A-4E67-9072-2F4464E5A14A}.Debug|Any CPU.Build.0 = Debug|Any CPU
		{8EE4940C-763A-4E67-9072-2F4464E5A14A}.Release|Any CPU.ActiveCfg = Release|Any CPU
		{8EE4940C-763A-4E67-9072-2F4464E5A14A}.Release|Any CPU.Build.0 = Release|Any CPU
	EndGlobalSection
EndGlobal
